// !$*UTF8*$!
{
	archiveVersion = 1;
	classes = {
	};
	objectVersion = 77;
	objects = {

/* Begin PBXBuildFile section */
		E82FE05F2EB9FEE300B912A7 /* LaunchScreen.storyboard in Resources */ = {isa = PBXBuildFile; fileRef = E82FE05E2EB9FEE300B912A7 /* LaunchScreen.storyboard */; };
		E83FD74E2EA96C470061538A /* openapi.yaml in Resources */ = {isa = PBXBuildFile; fileRef = E83FD74D2EA96C470061538A /* openapi.yaml */; };
		E83FD7982EA9751A0061538A /* OpenAPIURLSession in Frameworks */ = {isa = PBXBuildFile; productRef = E83FD7972EA9751A0061538A /* OpenAPIURLSession */; };
		E83FD79B2EA975220061538A /* OpenAPIRuntime in Frameworks */ = {isa = PBXBuildFile; productRef = E83FD79A2EA975220061538A /* OpenAPIRuntime */; };
		E83FD7AB2EA977080061538A /* openapi-generator-config.yaml in Resources */ = {isa = PBXBuildFile; fileRef = E83FD7AA2EA9767A0061538A /* openapi-generator-config.yaml */; };
		E83FEFDE2EC27AE4005E4346 /* ViewModel.swift in Sources */ = {isa = PBXBuildFile; fileRef = E83FEFDD2EC27AE4005E4346 /* ViewModel.swift */; };
		E83FF0172EC517DC005E4346 /* CarriersListView.swift in Sources */ = {isa = PBXBuildFile; fileRef = E83FF0162EC517DC005E4346 /* CarriersListView.swift */; };
		E83FF01A2EC5188C005E4346 /* CarriersRowView.swift in Sources */ = {isa = PBXBuildFile; fileRef = E83FF0192EC5188C005E4346 /* CarriersRowView.swift */; };
		E87258682EC8946800EE0194 /* FilterView.swift in Sources */ = {isa = PBXBuildFile; fileRef = E87258672EC8946800EE0194 /* FilterView.swift */; };
		E87258C82ECCFE9C00EE0194 /* CitySelectionView.swift in Sources */ = {isa = PBXBuildFile; fileRef = E87258C72ECCFE9C00EE0194 /* CitySelectionView.swift */; };
		E87258CD2ECD085900EE0194 /* StationSelectionView.swift in Sources */ = {isa = PBXBuildFile; fileRef = E87258CC2ECD085900EE0194 /* StationSelectionView.swift */; };
		E87307762EC0FF9E00501B95 /* Assets.xcassets in Resources */ = {isa = PBXBuildFile; fileRef = E873076C2EC0FF9E00501B95 /* Assets.xcassets */; };
		E87307782EC0FF9E00501B95 /* СopyrightServise.swift in Sources */ = {isa = PBXBuildFile; fileRef = E87307612EC0FF9E00501B95 /* СopyrightServise.swift */; };
		E87307792EC0FF9E00501B95 /* AllStationsService.swift in Sources */ = {isa = PBXBuildFile; fileRef = E87307622EC0FF9E00501B95 /* AllStationsService.swift */; };
		E873077A2EC0FF9E00501B95 /* CarrierInfoService.swift in Sources */ = {isa = PBXBuildFile; fileRef = E87307632EC0FF9E00501B95 /* CarrierInfoService.swift */; };
		E873077B2EC0FF9E00501B95 /* NearestCityService.swift in Sources */ = {isa = PBXBuildFile; fileRef = E87307642EC0FF9E00501B95 /* NearestCityService.swift */; };
		E873077C2EC0FF9E00501B95 /* NearestStationsService.swift.swift in Sources */ = {isa = PBXBuildFile; fileRef = E87307652EC0FF9E00501B95 /* NearestStationsService.swift.swift */; };
		E873077D2EC0FF9E00501B95 /* RouteStationsService.swift in Sources */ = {isa = PBXBuildFile; fileRef = E87307662EC0FF9E00501B95 /* RouteStationsService.swift */; };
		E873077E2EC0FF9E00501B95 /* SchedualBetweenStationsService.swift in Sources */ = {isa = PBXBuildFile; fileRef = E87307672EC0FF9E00501B95 /* SchedualBetweenStationsService.swift */; };
		E873077F2EC0FF9E00501B95 /* StationScheduleService.swift in Sources */ = {isa = PBXBuildFile; fileRef = E87307682EC0FF9E00501B95 /* StationScheduleService.swift */; };
		E87307802EC0FF9E00501B95 /* APIKey.swift in Sources */ = {isa = PBXBuildFile; fileRef = E873076B2EC0FF9E00501B95 /* APIKey.swift */; };
		E87307822EC0FF9E00501B95 /* ContentView.swift in Sources */ = {isa = PBXBuildFile; fileRef = E873076E2EC0FF9E00501B95 /* ContentView.swift */; };
		E87307832EC0FF9E00501B95 /* MockData.swift in Sources */ = {isa = PBXBuildFile; fileRef = E87307702EC0FF9E00501B95 /* MockData.swift */; };
		E87307842EC0FF9E00501B95 /* NoInternetView.swift in Sources */ = {isa = PBXBuildFile; fileRef = E87307712EC0FF9E00501B95 /* NoInternetView.swift */; };
		E87307852EC0FF9E00501B95 /* ServerErrorView.swift in Sources */ = {isa = PBXBuildFile; fileRef = E87307722EC0FF9E00501B95 /* ServerErrorView.swift */; };
		E87307862EC0FF9E00501B95 /* TabBarView.swift in Sources */ = {isa = PBXBuildFile; fileRef = E87307732EC0FF9E00501B95 /* TabBarView.swift */; };
		E87307872EC0FF9E00501B95 /* TravelScheduleApp.swift in Sources */ = {isa = PBXBuildFile; fileRef = E87307742EC0FF9E00501B95 /* TravelScheduleApp.swift */; };
/* End PBXBuildFile section */

/* Begin PBXFileReference section */
		E82FE05E2EB9FEE300B912A7 /* LaunchScreen.storyboard */ = {isa = PBXFileReference; lastKnownFileType = file.storyboard; path = LaunchScreen.storyboard; sourceTree = "<group>"; };
		E83FD6FB2EA80EB40061538A /* TravelSchedule.app */ = {isa = PBXFileReference; explicitFileType = wrapper.application; includeInIndex = 0; path = TravelSchedule.app; sourceTree = BUILT_PRODUCTS_DIR; };
		E83FD74D2EA96C470061538A /* openapi.yaml */ = {isa = PBXFileReference; lastKnownFileType = text.yaml; path = openapi.yaml; sourceTree = "<group>"; };
		E83FD7AA2EA9767A0061538A /* openapi-generator-config.yaml */ = {isa = PBXFileReference; lastKnownFileType = text.yaml; path = "openapi-generator-config.yaml"; sourceTree = "<group>"; };
		E83FEFDD2EC27AE4005E4346 /* ViewModel.swift */ = {isa = PBXFileReference; lastKnownFileType = sourcecode.swift; path = ViewModel.swift; sourceTree = "<group>"; };
		E83FF0162EC517DC005E4346 /* CarriersListView.swift */ = {isa = PBXFileReference; lastKnownFileType = sourcecode.swift; path = CarriersListView.swift; sourceTree = "<group>"; };
		E83FF0192EC5188C005E4346 /* CarriersRowView.swift */ = {isa = PBXFileReference; lastKnownFileType = sourcecode.swift; path = CarriersRowView.swift; sourceTree = "<group>"; };
		E87258672EC8946800EE0194 /* FilterView.swift */ = {isa = PBXFileReference; lastKnownFileType = sourcecode.swift; path = FilterView.swift; sourceTree = "<group>"; };
		E87258C72ECCFE9C00EE0194 /* CitySelectionView.swift */ = {isa = PBXFileReference; lastKnownFileType = sourcecode.swift; path = CitySelectionView.swift; sourceTree = "<group>"; };
		E87258CC2ECD085900EE0194 /* StationSelectionView.swift */ = {isa = PBXFileReference; lastKnownFileType = sourcecode.swift; path = StationSelectionView.swift; sourceTree = "<group>"; };
		E87307612EC0FF9E00501B95 /* СopyrightServise.swift */ = {isa = PBXFileReference; lastKnownFileType = sourcecode.swift; path = "СopyrightServise.swift"; sourceTree = "<group>"; };
		E87307622EC0FF9E00501B95 /* AllStationsService.swift */ = {isa = PBXFileReference; lastKnownFileType = sourcecode.swift; path = AllStationsService.swift; sourceTree = "<group>"; };
		E87307632EC0FF9E00501B95 /* CarrierInfoService.swift */ = {isa = PBXFileReference; lastKnownFileType = sourcecode.swift; path = CarrierInfoService.swift; sourceTree = "<group>"; };
		E87307642EC0FF9E00501B95 /* NearestCityService.swift */ = {isa = PBXFileReference; lastKnownFileType = sourcecode.swift; path = NearestCityService.swift; sourceTree = "<group>"; };
		E87307652EC0FF9E00501B95 /* NearestStationsService.swift.swift */ = {isa = PBXFileReference; lastKnownFileType = sourcecode.swift; path = NearestStationsService.swift.swift; sourceTree = "<group>"; };
		E87307662EC0FF9E00501B95 /* RouteStationsService.swift */ = {isa = PBXFileReference; lastKnownFileType = sourcecode.swift; path = RouteStationsService.swift; sourceTree = "<group>"; };
		E87307672EC0FF9E00501B95 /* SchedualBetweenStationsService.swift */ = {isa = PBXFileReference; lastKnownFileType = sourcecode.swift; path = SchedualBetweenStationsService.swift; sourceTree = "<group>"; };
		E87307682EC0FF9E00501B95 /* StationScheduleService.swift */ = {isa = PBXFileReference; lastKnownFileType = sourcecode.swift; path = StationScheduleService.swift; sourceTree = "<group>"; };
		E873076B2EC0FF9E00501B95 /* APIKey.swift */ = {isa = PBXFileReference; lastKnownFileType = sourcecode.swift; path = APIKey.swift; sourceTree = "<group>"; };
		E873076C2EC0FF9E00501B95 /* Assets.xcassets */ = {isa = PBXFileReference; lastKnownFileType = folder.assetcatalog; path = Assets.xcassets; sourceTree = "<group>"; };
		E873076E2EC0FF9E00501B95 /* ContentView.swift */ = {isa = PBXFileReference; lastKnownFileType = sourcecode.swift; path = ContentView.swift; sourceTree = "<group>"; };
		E873076F2EC0FF9E00501B95 /* Info.plist */ = {isa = PBXFileReference; lastKnownFileType = text.plist.xml; path = Info.plist; sourceTree = "<group>"; };
		E87307702EC0FF9E00501B95 /* MockData.swift */ = {isa = PBXFileReference; lastKnownFileType = sourcecode.swift; path = MockData.swift; sourceTree = "<group>"; };
		E87307712EC0FF9E00501B95 /* NoInternetView.swift */ = {isa = PBXFileReference; lastKnownFileType = sourcecode.swift; path = NoInternetView.swift; sourceTree = "<group>"; };
		E87307722EC0FF9E00501B95 /* ServerErrorView.swift */ = {isa = PBXFileReference; lastKnownFileType = sourcecode.swift; path = ServerErrorView.swift; sourceTree = "<group>"; };
		E87307732EC0FF9E00501B95 /* TabBarView.swift */ = {isa = PBXFileReference; lastKnownFileType = sourcecode.swift; path = TabBarView.swift; sourceTree = "<group>"; };
		E87307742EC0FF9E00501B95 /* TravelScheduleApp.swift */ = {isa = PBXFileReference; lastKnownFileType = sourcecode.swift; path = TravelScheduleApp.swift; sourceTree = "<group>"; };
/* End PBXFileReference section */

/* Begin PBXFrameworksBuildPhase section */
		E83FD6F82EA80EB40061538A /* Frameworks */ = {
			isa = PBXFrameworksBuildPhase;
			buildActionMask = 2147483647;
			files = (
				E83FD79B2EA975220061538A /* OpenAPIRuntime in Frameworks */,
				E83FD7982EA9751A0061538A /* OpenAPIURLSession in Frameworks */,
			);
			runOnlyForDeploymentPostprocessing = 0;
		};
/* End PBXFrameworksBuildPhase section */

/* Begin PBXGroup section */
		E83FD6F22EA80EB40061538A = {
			isa = PBXGroup;
			children = (
				E82FE05E2EB9FEE300B912A7 /* LaunchScreen.storyboard */,
				E83FD7AA2EA9767A0061538A /* openapi-generator-config.yaml */,
				E83FD74D2EA96C470061538A /* openapi.yaml */,
				E87307752EC0FF9E00501B95 /* TravelSchedule */,
				E83FD7552EA96E2A0061538A /* Frameworks */,
				E83FD6FC2EA80EB40061538A /* Products */,
			);
			sourceTree = "<group>";
		};
		E83FD6FC2EA80EB40061538A /* Products */ = {
			isa = PBXGroup;
			children = (
				E83FD6FB2EA80EB40061538A /* TravelSchedule.app */,
			);
			name = Products;
			sourceTree = "<group>";
		};
		E83FD7552EA96E2A0061538A /* Frameworks */ = {
			isa = PBXGroup;
			children = (
			);
			name = Frameworks;
			sourceTree = "<group>";
		};
		E87307692EC0FF9E00501B95 /* Servises */ = {
			isa = PBXGroup;
			children = (
				E87307612EC0FF9E00501B95 /* СopyrightServise.swift */,
				E87307622EC0FF9E00501B95 /* AllStationsService.swift */,
				E87307632EC0FF9E00501B95 /* CarrierInfoService.swift */,
				E87307642EC0FF9E00501B95 /* NearestCityService.swift */,
				E87307652EC0FF9E00501B95 /* NearestStationsService.swift.swift */,
				E87307662EC0FF9E00501B95 /* RouteStationsService.swift */,
				E87307672EC0FF9E00501B95 /* SchedualBetweenStationsService.swift */,
				E87307682EC0FF9E00501B95 /* StationScheduleService.swift */,
			);
			path = Servises;
			sourceTree = "<group>";
		};
		E873076A2EC0FF9E00501B95 /* Views */ = {
			isa = PBXGroup;
			children = (
			);
			path = Views;
			sourceTree = "<group>";
		};
		E87307752EC0FF9E00501B95 /* TravelSchedule */ = {
			isa = PBXGroup;
			children = (
				E87307692EC0FF9E00501B95 /* Servises */,
				E873076A2EC0FF9E00501B95 /* Views */,
				E873076B2EC0FF9E00501B95 /* APIKey.swift */,
				E873076C2EC0FF9E00501B95 /* Assets.xcassets */,
				E873076E2EC0FF9E00501B95 /* ContentView.swift */,
				E873076F2EC0FF9E00501B95 /* Info.plist */,
				E87307742EC0FF9E00501B95 /* TravelScheduleApp.swift */,
				E83FEFDD2EC27AE4005E4346 /* ViewModel.swift */,
				E87307702EC0FF9E00501B95 /* MockData.swift */,
				E87307732EC0FF9E00501B95 /* TabBarView.swift */,
				E87258C72ECCFE9C00EE0194 /* CitySelectionView.swift */,
				E87258CC2ECD085900EE0194 /* StationSelectionView.swift */,
				E83FF0162EC517DC005E4346 /* CarriersListView.swift */,
				E83FF0192EC5188C005E4346 /* CarriersRowView.swift */,
				E87258672EC8946800EE0194 /* FilterView.swift */,
				E87307712EC0FF9E00501B95 /* NoInternetView.swift */,
				E87307722EC0FF9E00501B95 /* ServerErrorView.swift */,
			);
			path = TravelSchedule;
			sourceTree = "<group>";
		};
/* End PBXGroup section */

/* Begin PBXNativeTarget section */
		E83FD6FA2EA80EB40061538A /* TravelSchedule */ = {
			isa = PBXNativeTarget;
			buildConfigurationList = E83FD7062EA80EB60061538A /* Build configuration list for PBXNativeTarget "TravelSchedule" */;
			buildPhases = (
				E83FD6F72EA80EB40061538A /* Sources */,
				E83FD6F82EA80EB40061538A /* Frameworks */,
				E83FD6F92EA80EB40061538A /* Resources */,
			);
			buildRules = (
			);
			dependencies = (
				E83FD79D2EA9753C0061538A /* PBXTargetDependency */,
			);
			name = TravelSchedule;
			packageProductDependencies = (
				E83FD7972EA9751A0061538A /* OpenAPIURLSession */,
				E83FD79A2EA975220061538A /* OpenAPIRuntime */,
			);
			productName = TravelSchedule;
			productReference = E83FD6FB2EA80EB40061538A /* TravelSchedule.app */;
			productType = "com.apple.product-type.application";
		};
/* End PBXNativeTarget section */

/* Begin PBXProject section */
		E83FD6F32EA80EB40061538A /* Project object */ = {
			isa = PBXProject;
			attributes = {
				BuildIndependentTargetsInParallel = 1;
				KnownAssetTags = (
					New,
				);
				LastSwiftUpdateCheck = 2600;
				LastUpgradeCheck = 2600;
				TargetAttributes = {
					E83FD6FA2EA80EB40061538A = {
						CreatedOnToolsVersion = 26.0.1;
					};
				};
			};
			buildConfigurationList = E83FD6F62EA80EB40061538A /* Build configuration list for PBXProject "TravelSchedule" */;
			developmentRegion = en;
			hasScannedForEncodings = 0;
			knownRegions = (
				en,
				Base,
			);
			mainGroup = E83FD6F22EA80EB40061538A;
			minimizedProjectReferenceProxies = 1;
			packageReferences = (
				E83FD7942EA974DC0061538A /* XCRemoteSwiftPackageReference "swift-openapi-generator" */,
				E83FD7962EA9751A0061538A /* XCRemoteSwiftPackageReference "swift-openapi-urlsession" */,
				E83FD7992EA975220061538A /* XCRemoteSwiftPackageReference "swift-openapi-runtime" */,
			);
			preferredProjectObjectVersion = 77;
			productRefGroup = E83FD6FC2EA80EB40061538A /* Products */;
			projectDirPath = "";
			projectRoot = "";
			targets = (
				E83FD6FA2EA80EB40061538A /* TravelSchedule */,
			);
		};
/* End PBXProject section */

/* Begin PBXResourcesBuildPhase section */
		E83FD6F92EA80EB40061538A /* Resources */ = {
			isa = PBXResourcesBuildPhase;
			buildActionMask = 2147483647;
			files = (
				E83FD74E2EA96C470061538A /* openapi.yaml in Resources */,
				E82FE05F2EB9FEE300B912A7 /* LaunchScreen.storyboard in Resources */,
				E87307762EC0FF9E00501B95 /* Assets.xcassets in Resources */,
				E83FD7AB2EA977080061538A /* openapi-generator-config.yaml in Resources */,
			);
			runOnlyForDeploymentPostprocessing = 0;
		};
/* End PBXResourcesBuildPhase section */

/* Begin PBXSourcesBuildPhase section */
		E83FD6F72EA80EB40061538A /* Sources */ = {
			isa = PBXSourcesBuildPhase;
			buildActionMask = 2147483647;
			files = (
				E87307782EC0FF9E00501B95 /* СopyrightServise.swift in Sources */,
				E87307792EC0FF9E00501B95 /* AllStationsService.swift in Sources */,
				E873077A2EC0FF9E00501B95 /* CarrierInfoService.swift in Sources */,
				E873077B2EC0FF9E00501B95 /* NearestCityService.swift in Sources */,
				E873077C2EC0FF9E00501B95 /* NearestStationsService.swift.swift in Sources */,
				E873077D2EC0FF9E00501B95 /* RouteStationsService.swift in Sources */,
				E87258682EC8946800EE0194 /* FilterView.swift in Sources */,
				E83FEFDE2EC27AE4005E4346 /* ViewModel.swift in Sources */,
				E873077E2EC0FF9E00501B95 /* SchedualBetweenStationsService.swift in Sources */,
				E873077F2EC0FF9E00501B95 /* StationScheduleService.swift in Sources */,
				E87307802EC0FF9E00501B95 /* APIKey.swift in Sources */,
				E87307822EC0FF9E00501B95 /* ContentView.swift in Sources */,
				E87307832EC0FF9E00501B95 /* MockData.swift in Sources */,
				E87307842EC0FF9E00501B95 /* NoInternetView.swift in Sources */,
				E87307852EC0FF9E00501B95 /* ServerErrorView.swift in Sources */,
				E83FF01A2EC5188C005E4346 /* CarriersRowView.swift in Sources */,
				E83FF0172EC517DC005E4346 /* CarriersListView.swift in Sources */,
				E87307862EC0FF9E00501B95 /* TabBarView.swift in Sources */,
				E87307872EC0FF9E00501B95 /* TravelScheduleApp.swift in Sources */,
				E87258C82ECCFE9C00EE0194 /* CitySelectionView.swift in Sources */,
				E87258CD2ECD085900EE0194 /* StationSelectionView.swift in Sources */,
			);
			runOnlyForDeploymentPostprocessing = 0;
		};
/* End PBXSourcesBuildPhase section */

/* Begin PBXTargetDependency section */
		E83FD79D2EA9753C0061538A /* PBXTargetDependency */ = {
			isa = PBXTargetDependency;
			productRef = E83FD79C2EA9753C0061538A /* OpenAPIGenerator */;
		};
/* End PBXTargetDependency section */

/* Begin XCBuildConfiguration section */
		E83FD7042EA80EB60061538A /* Debug */ = {
			isa = XCBuildConfiguration;
			buildSettings = {
				ALWAYS_SEARCH_USER_PATHS = NO;
				ASSETCATALOG_COMPILER_GENERATE_SWIFT_ASSET_SYMBOL_EXTENSIONS = YES;
				CLANG_ANALYZER_NONNULL = YES;
				CLANG_ANALYZER_NUMBER_OBJECT_CONVERSION = YES_AGGRESSIVE;
				CLANG_CXX_LANGUAGE_STANDARD = "gnu++20";
				CLANG_ENABLE_MODULES = YES;
				CLANG_ENABLE_OBJC_ARC = YES;
				CLANG_ENABLE_OBJC_WEAK = YES;
				CLANG_WARN_BLOCK_CAPTURE_AUTORELEASING = YES;
				CLANG_WARN_BOOL_CONVERSION = YES;
				CLANG_WARN_COMMA = YES;
				CLANG_WARN_CONSTANT_CONVERSION = YES;
				CLANG_WARN_DEPRECATED_OBJC_IMPLEMENTATIONS = YES;
				CLANG_WARN_DIRECT_OBJC_ISA_USAGE = YES_ERROR;
				CLANG_WARN_DOCUMENTATION_COMMENTS = YES;
				CLANG_WARN_EMPTY_BODY = YES;
				CLANG_WARN_ENUM_CONVERSION = YES;
				CLANG_WARN_INFINITE_RECURSION = YES;
				CLANG_WARN_INT_CONVERSION = YES;
				CLANG_WARN_NON_LITERAL_NULL_CONVERSION = YES;
				CLANG_WARN_OBJC_IMPLICIT_RETAIN_SELF = YES;
				CLANG_WARN_OBJC_LITERAL_CONVERSION = YES;
				CLANG_WARN_OBJC_ROOT_CLASS = YES_ERROR;
				CLANG_WARN_QUOTED_INCLUDE_IN_FRAMEWORK_HEADER = YES;
				CLANG_WARN_RANGE_LOOP_ANALYSIS = YES;
				CLANG_WARN_STRICT_PROTOTYPES = YES;
				CLANG_WARN_SUSPICIOUS_MOVE = YES;
				CLANG_WARN_UNGUARDED_AVAILABILITY = YES_AGGRESSIVE;
				CLANG_WARN_UNREACHABLE_CODE = YES;
				CLANG_WARN__DUPLICATE_METHOD_MATCH = YES;
				COPY_PHASE_STRIP = NO;
				DEBUG_INFORMATION_FORMAT = dwarf;
				DEVELOPMENT_TEAM = M8V82WNZF8;
				ENABLE_STRICT_OBJC_MSGSEND = YES;
				ENABLE_TESTABILITY = YES;
				ENABLE_USER_SCRIPT_SANDBOXING = YES;
				GCC_C_LANGUAGE_STANDARD = gnu17;
				GCC_DYNAMIC_NO_PIC = NO;
				GCC_NO_COMMON_BLOCKS = YES;
				GCC_OPTIMIZATION_LEVEL = 0;
				GCC_PREPROCESSOR_DEFINITIONS = (
					"DEBUG=1",
					"$(inherited)",
				);
				GCC_WARN_64_TO_32_BIT_CONVERSION = YES;
				GCC_WARN_ABOUT_RETURN_TYPE = YES_ERROR;
				GCC_WARN_UNDECLARED_SELECTOR = YES;
				GCC_WARN_UNINITIALIZED_AUTOS = YES_AGGRESSIVE;
				GCC_WARN_UNUSED_FUNCTION = YES;
				GCC_WARN_UNUSED_VARIABLE = YES;
				IPHONEOS_DEPLOYMENT_TARGET = 26.0;
				LOCALIZATION_PREFERS_STRING_CATALOGS = YES;
				MTL_ENABLE_DEBUG_INFO = INCLUDE_SOURCE;
				MTL_FAST_MATH = YES;
				ONLY_ACTIVE_ARCH = YES;
				SDKROOT = iphoneos;
				SWIFT_ACTIVE_COMPILATION_CONDITIONS = "DEBUG $(inherited)";
				SWIFT_OPTIMIZATION_LEVEL = "-Onone";
			};
			name = Debug;
		};
		E83FD7052EA80EB60061538A /* Release */ = {
			isa = XCBuildConfiguration;
			buildSettings = {
				ALWAYS_SEARCH_USER_PATHS = NO;
				ASSETCATALOG_COMPILER_GENERATE_SWIFT_ASSET_SYMBOL_EXTENSIONS = YES;
				CLANG_ANALYZER_NONNULL = YES;
				CLANG_ANALYZER_NUMBER_OBJECT_CONVERSION = YES_AGGRESSIVE;
				CLANG_CXX_LANGUAGE_STANDARD = "gnu++20";
				CLANG_ENABLE_MODULES = YES;
				CLANG_ENABLE_OBJC_ARC = YES;
				CLANG_ENABLE_OBJC_WEAK = YES;
				CLANG_WARN_BLOCK_CAPTURE_AUTORELEASING = YES;
				CLANG_WARN_BOOL_CONVERSION = YES;
				CLANG_WARN_COMMA = YES;
				CLANG_WARN_CONSTANT_CONVERSION = YES;
				CLANG_WARN_DEPRECATED_OBJC_IMPLEMENTATIONS = YES;
				CLANG_WARN_DIRECT_OBJC_ISA_USAGE = YES_ERROR;
				CLANG_WARN_DOCUMENTATION_COMMENTS = YES;
				CLANG_WARN_EMPTY_BODY = YES;
				CLANG_WARN_ENUM_CONVERSION = YES;
				CLANG_WARN_INFINITE_RECURSION = YES;
				CLANG_WARN_INT_CONVERSION = YES;
				CLANG_WARN_NON_LITERAL_NULL_CONVERSION = YES;
				CLANG_WARN_OBJC_IMPLICIT_RETAIN_SELF = YES;
				CLANG_WARN_OBJC_LITERAL_CONVERSION = YES;
				CLANG_WARN_OBJC_ROOT_CLASS = YES_ERROR;
				CLANG_WARN_QUOTED_INCLUDE_IN_FRAMEWORK_HEADER = YES;
				CLANG_WARN_RANGE_LOOP_ANALYSIS = YES;
				CLANG_WARN_STRICT_PROTOTYPES = YES;
				CLANG_WARN_SUSPICIOUS_MOVE = YES;
				CLANG_WARN_UNGUARDED_AVAILABILITY = YES_AGGRESSIVE;
				CLANG_WARN_UNREACHABLE_CODE = YES;
				CLANG_WARN__DUPLICATE_METHOD_MATCH = YES;
				COPY_PHASE_STRIP = NO;
				DEBUG_INFORMATION_FORMAT = "dwarf-with-dsym";
				DEVELOPMENT_TEAM = M8V82WNZF8;
				ENABLE_NS_ASSERTIONS = NO;
				ENABLE_STRICT_OBJC_MSGSEND = YES;
				ENABLE_USER_SCRIPT_SANDBOXING = YES;
				GCC_C_LANGUAGE_STANDARD = gnu17;
				GCC_NO_COMMON_BLOCKS = YES;
				GCC_WARN_64_TO_32_BIT_CONVERSION = YES;
				GCC_WARN_ABOUT_RETURN_TYPE = YES_ERROR;
				GCC_WARN_UNDECLARED_SELECTOR = YES;
				GCC_WARN_UNINITIALIZED_AUTOS = YES_AGGRESSIVE;
				GCC_WARN_UNUSED_FUNCTION = YES;
				GCC_WARN_UNUSED_VARIABLE = YES;
				IPHONEOS_DEPLOYMENT_TARGET = 26.0;
				LOCALIZATION_PREFERS_STRING_CATALOGS = YES;
				MTL_ENABLE_DEBUG_INFO = NO;
				MTL_FAST_MATH = YES;
				SDKROOT = iphoneos;
				SWIFT_COMPILATION_MODE = wholemodule;
				VALIDATE_PRODUCT = YES;
			};
			name = Release;
		};
		E83FD7072EA80EB60061538A /* Debug */ = {
			isa = XCBuildConfiguration;
			buildSettings = {
				ASSETCATALOG_COMPILER_APPICON_NAME = AppIcon;
				ASSETCATALOG_COMPILER_GLOBAL_ACCENT_COLOR_NAME = AccentColor;
				CODE_SIGN_STYLE = Automatic;
				CURRENT_PROJECT_VERSION = 1;
				DEVELOPMENT_TEAM = M8V82WNZF8;
				ENABLE_PREVIEWS = YES;
				GENERATE_INFOPLIST_FILE = YES;
				INFOPLIST_FILE = TravelSchedule/Info.plist;
				INFOPLIST_KEY_UIApplicationSceneManifest_Generation = YES;
				INFOPLIST_KEY_UIApplicationSupportsIndirectInputEvents = YES;
				INFOPLIST_KEY_UILaunchStoryboardName = LaunchScreen;
				INFOPLIST_KEY_UISupportedInterfaceOrientations_iPad = "UIInterfaceOrientationPortrait UIInterfaceOrientationPortraitUpsideDown UIInterfaceOrientationLandscapeLeft UIInterfaceOrientationLandscapeRight";
				INFOPLIST_KEY_UISupportedInterfaceOrientations_iPhone = "UIInterfaceOrientationPortrait UIInterfaceOrientationLandscapeLeft UIInterfaceOrientationLandscapeRight";
				IPHONEOS_DEPLOYMENT_TARGET = 17;
				LD_RUNPATH_SEARCH_PATHS = (
					"$(inherited)",
					"@executable_path/Frameworks",
				);
				MARKETING_VERSION = 1.0;
				PRODUCT_BUNDLE_IDENTIFIER = ru.sergswan.lebed.TravelSchedule;
				PRODUCT_NAME = "$(TARGET_NAME)";
				STRING_CATALOG_GENERATE_SYMBOLS = YES;
				SWIFT_APPROACHABLE_CONCURRENCY = YES;
				SWIFT_DEFAULT_ACTOR_ISOLATION = MainActor;
				SWIFT_EMIT_LOC_STRINGS = YES;
				SWIFT_UPCOMING_FEATURE_MEMBER_IMPORT_VISIBILITY = YES;
				SWIFT_VERSION = 5.0;
				TARGETED_DEVICE_FAMILY = "1,2";
			};
			name = Debug;
		};
		E83FD7082EA80EB60061538A /* Release */ = {
			isa = XCBuildConfiguration;
			buildSettings = {
				ASSETCATALOG_COMPILER_APPICON_NAME = AppIcon;
				ASSETCATALOG_COMPILER_GLOBAL_ACCENT_COLOR_NAME = AccentColor;
				CODE_SIGN_STYLE = Automatic;
				CURRENT_PROJECT_VERSION = 1;
				DEVELOPMENT_TEAM = M8V82WNZF8;
				ENABLE_PREVIEWS = YES;
				GENERATE_INFOPLIST_FILE = YES;
				INFOPLIST_FILE = TravelSchedule/Info.plist;
				INFOPLIST_KEY_UIApplicationSceneManifest_Generation = YES;
				INFOPLIST_KEY_UIApplicationSupportsIndirectInputEvents = YES;
				INFOPLIST_KEY_UILaunchStoryboardName = LaunchScreen;
				INFOPLIST_KEY_UISupportedInterfaceOrientations_iPad = "UIInterfaceOrientationPortrait UIInterfaceOrientationPortraitUpsideDown UIInterfaceOrientationLandscapeLeft UIInterfaceOrientationLandscapeRight";
				INFOPLIST_KEY_UISupportedInterfaceOrientations_iPhone = "UIInterfaceOrientationPortrait UIInterfaceOrientationLandscapeLeft UIInterfaceOrientationLandscapeRight";
				IPHONEOS_DEPLOYMENT_TARGET = 17;
				LD_RUNPATH_SEARCH_PATHS = (
					"$(inherited)",
					"@executable_path/Frameworks",
				);
				MARKETING_VERSION = 1.0;
				PRODUCT_BUNDLE_IDENTIFIER = ru.sergswan.lebed.TravelSchedule;
				PRODUCT_NAME = "$(TARGET_NAME)";
				STRING_CATALOG_GENERATE_SYMBOLS = YES;
				SWIFT_APPROACHABLE_CONCURRENCY = YES;
				SWIFT_DEFAULT_ACTOR_ISOLATION = MainActor;
				SWIFT_EMIT_LOC_STRINGS = YES;
				SWIFT_UPCOMING_FEATURE_MEMBER_IMPORT_VISIBILITY = YES;
				SWIFT_VERSION = 5.0;
				TARGETED_DEVICE_FAMILY = "1,2";
			};
			name = Release;
		};
/* End XCBuildConfiguration section */

/* Begin XCConfigurationList section */
		E83FD6F62EA80EB40061538A /* Build configuration list for PBXProject "TravelSchedule" */ = {
			isa = XCConfigurationList;
			buildConfigurations = (
				E83FD7042EA80EB60061538A /* Debug */,
				E83FD7052EA80EB60061538A /* Release */,
			);
			defaultConfigurationIsVisible = 0;
			defaultConfigurationName = Release;
		};
		E83FD7062EA80EB60061538A /* Build configuration list for PBXNativeTarget "TravelSchedule" */ = {
			isa = XCConfigurationList;
			buildConfigurations = (
				E83FD7072EA80EB60061538A /* Debug */,
				E83FD7082EA80EB60061538A /* Release */,
			);
			defaultConfigurationIsVisible = 0;
			defaultConfigurationName = Release;
		};
/* End XCConfigurationList section */

/* Begin XCRemoteSwiftPackageReference section */
		E83FD7942EA974DC0061538A /* XCRemoteSwiftPackageReference "swift-openapi-generator" */ = {
			isa = XCRemoteSwiftPackageReference;
			repositoryURL = "https://github.com/apple/swift-openapi-generator";
			requirement = {
				kind = upToNextMajorVersion;
				minimumVersion = 1.10.3;
			};
		};
		E83FD7962EA9751A0061538A /* XCRemoteSwiftPackageReference "swift-openapi-urlsession" */ = {
			isa = XCRemoteSwiftPackageReference;
			repositoryURL = "https://github.com/apple/swift-openapi-urlsession";
			requirement = {
				kind = upToNextMajorVersion;
				minimumVersion = 1.2.0;
			};
		};
		E83FD7992EA975220061538A /* XCRemoteSwiftPackageReference "swift-openapi-runtime" */ = {
			isa = XCRemoteSwiftPackageReference;
			repositoryURL = "https://github.com/apple/swift-openapi-runtime/";
			requirement = {
				kind = upToNextMajorVersion;
				minimumVersion = 1.8.3;
			};
		};
/* End XCRemoteSwiftPackageReference section */

/* Begin XCSwiftPackageProductDependency section */
		E83FD7972EA9751A0061538A /* OpenAPIURLSession */ = {
			isa = XCSwiftPackageProductDependency;
			package = E83FD7962EA9751A0061538A /* XCRemoteSwiftPackageReference "swift-openapi-urlsession" */;
			productName = OpenAPIURLSession;
		};
		E83FD79A2EA975220061538A /* OpenAPIRuntime */ = {
			isa = XCSwiftPackageProductDependency;
			package = E83FD7992EA975220061538A /* XCRemoteSwiftPackageReference "swift-openapi-runtime" */;
			productName = OpenAPIRuntime;
		};
		E83FD79C2EA9753C0061538A /* OpenAPIGenerator */ = {
			isa = XCSwiftPackageProductDependency;
			package = E83FD7942EA974DC0061538A /* XCRemoteSwiftPackageReference "swift-openapi-generator" */;
			productName = "plugin:OpenAPIGenerator";
		};
/* End XCSwiftPackageProductDependency section */
	};
	rootObject = E83FD6F32EA80EB40061538A /* Project object */;
}
